// !$*UTF8*$!
{
	archiveVersion = 1;
	classes = {
	};
	objectVersion = 46;
	objects = {

/* Begin PBXBuildFile section */
		A70163A91ADE546400B852B5 /* GCHelper.m in Sources */ = {isa = PBXBuildFile; fileRef = A70163A81ADE546400B852B5 /* GCHelper.m */; };
		A73BE33E1ADBC33B006539AC /* GameKit.framework in Frameworks */ = {isa = PBXBuildFile; fileRef = A73BE33D1ADBC33B006539AC /* GameKit.framework */; };
		A74721931AD65C080042C731 /* InstructionsCollectionViewCell.m in Sources */ = {isa = PBXBuildFile; fileRef = A74721921AD65C080042C731 /* InstructionsCollectionViewCell.m */; };
		A762B3361AD5679900E0FA5C /* InstructionsViewController.m in Sources */ = {isa = PBXBuildFile; fileRef = A762B3351AD5679900E0FA5C /* InstructionsViewController.m */; };
		A76F06811AD66A4700C32FA4 /* MainMenuViewController.m in Sources */ = {isa = PBXBuildFile; fileRef = A76F06801AD66A4700C32FA4 /* MainMenuViewController.m */; };
		A77B9BC51ADBD87D0091E29D /* Defines.m in Sources */ = {isa = PBXBuildFile; fileRef = A77B9BC41ADBD87D0091E29D /* Defines.m */; };
		A78A54021AD3E79A00E0C140 /* main.m in Sources */ = {isa = PBXBuildFile; fileRef = A78A54011AD3E79A00E0C140 /* main.m */; };
		A78A54051AD3E79A00E0C140 /* AppDelegate.m in Sources */ = {isa = PBXBuildFile; fileRef = A78A54041AD3E79A00E0C140 /* AppDelegate.m */; };
		A78A54081AD3E79A00E0C140 /* ViewController.m in Sources */ = {isa = PBXBuildFile; fileRef = A78A54071AD3E79A00E0C140 /* ViewController.m */; };
		A78A540B1AD3E79A00E0C140 /* Main.storyboard in Resources */ = {isa = PBXBuildFile; fileRef = A78A54091AD3E79A00E0C140 /* Main.storyboard */; };
		A78A540D1AD3E79A00E0C140 /* Images.xcassets in Resources */ = {isa = PBXBuildFile; fileRef = A78A540C1AD3E79A00E0C140 /* Images.xcassets */; };
		A78A54101AD3E79A00E0C140 /* LaunchScreen.xib in Resources */ = {isa = PBXBuildFile; fileRef = A78A540E1AD3E79A00E0C140 /* LaunchScreen.xib */; };
		A78A541C1AD3E79A00E0C140 /* Tic_Tac_ToeTests.m in Sources */ = {isa = PBXBuildFile; fileRef = A78A541B1AD3E79A00E0C140 /* Tic_Tac_ToeTests.m */; };
		A78A54281AD3F74000E0C140 /* SmallXOVIewController.m in Sources */ = {isa = PBXBuildFile; fileRef = A78A54261AD3F74000E0C140 /* SmallXOVIewController.m */; };
		A78A54291AD3F74000E0C140 /* SmallXOVIewController.xib in Resources */ = {isa = PBXBuildFile; fileRef = A78A54271AD3F74000E0C140 /* SmallXOVIewController.xib */; };
/* End PBXBuildFile section */

/* Begin PBXContainerItemProxy section */
		A78A54161AD3E79A00E0C140 /* PBXContainerItemProxy */ = {
			isa = PBXContainerItemProxy;
			containerPortal = A78A53F41AD3E79A00E0C140 /* Project object */;
			proxyType = 1;
			remoteGlobalIDString = A78A53FB1AD3E79A00E0C140;
			remoteInfo = "Tic Tac Toe";
		};
/* End PBXContainerItemProxy section */

/* Begin PBXFileReference section */
		A70163A71ADE546400B852B5 /* GCHelper.h */ = {isa = PBXFileReference; fileEncoding = 4; lastKnownFileType = sourcecode.c.h; path = GCHelper.h; sourceTree = "<group>"; };
		A70163A81ADE546400B852B5 /* GCHelper.m */ = {isa = PBXFileReference; fileEncoding = 4; lastKnownFileType = sourcecode.c.objc; path = GCHelper.m; sourceTree = "<group>"; };
		A73BE33D1ADBC33B006539AC /* GameKit.framework */ = {isa = PBXFileReference; lastKnownFileType = wrapper.framework; name = GameKit.framework; path = System/Library/Frameworks/GameKit.framework; sourceTree = SDKROOT; };
		A74721911AD65C080042C731 /* InstructionsCollectionViewCell.h */ = {isa = PBXFileReference; fileEncoding = 4; lastKnownFileType = sourcecode.c.h; path = InstructionsCollectionViewCell.h; sourceTree = "<group>"; };
		A74721921AD65C080042C731 /* InstructionsCollectionViewCell.m */ = {isa = PBXFileReference; fileEncoding = 4; lastKnownFileType = sourcecode.c.objc; path = InstructionsCollectionViewCell.m; sourceTree = "<group>"; };
		A762B3341AD5679900E0FA5C /* InstructionsViewController.h */ = {isa = PBXFileReference; fileEncoding = 4; lastKnownFileType = sourcecode.c.h; path = InstructionsViewController.h; sourceTree = "<group>"; };
		A762B3351AD5679900E0FA5C /* InstructionsViewController.m */ = {isa = PBXFileReference; fileEncoding = 4; lastKnownFileType = sourcecode.c.objc; path = InstructionsViewController.m; sourceTree = "<group>"; };
		A76F067F1AD66A4700C32FA4 /* MainMenuViewController.h */ = {isa = PBXFileReference; fileEncoding = 4; lastKnownFileType = sourcecode.c.h; path = MainMenuViewController.h; sourceTree = "<group>"; };
		A76F06801AD66A4700C32FA4 /* MainMenuViewController.m */ = {isa = PBXFileReference; fileEncoding = 4; lastKnownFileType = sourcecode.c.objc; path = MainMenuViewController.m; sourceTree = "<group>"; };
		A77B9BC31ADBD87D0091E29D /* Defines.h */ = {isa = PBXFileReference; fileEncoding = 4; lastKnownFileType = sourcecode.c.h; path = Defines.h; sourceTree = "<group>"; };
		A77B9BC41ADBD87D0091E29D /* Defines.m */ = {isa = PBXFileReference; fileEncoding = 4; lastKnownFileType = sourcecode.c.objc; path = Defines.m; sourceTree = "<group>"; };
		A78A53FC1AD3E79A00E0C140 /* Tic Tac Toe.app */ = {isa = PBXFileReference; explicitFileType = wrapper.application; includeInIndex = 0; path = "Tic Tac Toe.app"; sourceTree = BUILT_PRODUCTS_DIR; };
		A78A54001AD3E79A00E0C140 /* Info.plist */ = {isa = PBXFileReference; lastKnownFileType = text.plist.xml; path = Info.plist; sourceTree = "<group>"; };
		A78A54011AD3E79A00E0C140 /* main.m */ = {isa = PBXFileReference; lastKnownFileType = sourcecode.c.objc; path = main.m; sourceTree = "<group>"; };
		A78A54031AD3E79A00E0C140 /* AppDelegate.h */ = {isa = PBXFileReference; lastKnownFileType = sourcecode.c.h; path = AppDelegate.h; sourceTree = "<group>"; };
		A78A54041AD3E79A00E0C140 /* AppDelegate.m */ = {isa = PBXFileReference; lastKnownFileType = sourcecode.c.objc; path = AppDelegate.m; sourceTree = "<group>"; };
		A78A54061AD3E79A00E0C140 /* ViewController.h */ = {isa = PBXFileReference; lastKnownFileType = sourcecode.c.h; path = ViewController.h; sourceTree = "<group>"; };
		A78A54071AD3E79A00E0C140 /* ViewController.m */ = {isa = PBXFileReference; lastKnownFileType = sourcecode.c.objc; path = ViewController.m; sourceTree = "<group>"; };
		A78A540A1AD3E79A00E0C140 /* Base */ = {isa = PBXFileReference; lastKnownFileType = file.storyboard; name = Base; path = Base.lproj/Main.storyboard; sourceTree = "<group>"; };
		A78A540C1AD3E79A00E0C140 /* Images.xcassets */ = {isa = PBXFileReference; lastKnownFileType = folder.assetcatalog; path = Images.xcassets; sourceTree = "<group>"; };
		A78A540F1AD3E79A00E0C140 /* Base */ = {isa = PBXFileReference; lastKnownFileType = file.xib; name = Base; path = Base.lproj/LaunchScreen.xib; sourceTree = "<group>"; };
		A78A54151AD3E79A00E0C140 /* Tic Tac ToeTests.xctest */ = {isa = PBXFileReference; explicitFileType = wrapper.cfbundle; includeInIndex = 0; path = "Tic Tac ToeTests.xctest"; sourceTree = BUILT_PRODUCTS_DIR; };
		A78A541A1AD3E79A00E0C140 /* Info.plist */ = {isa = PBXFileReference; lastKnownFileType = text.plist.xml; path = Info.plist; sourceTree = "<group>"; };
		A78A541B1AD3E79A00E0C140 /* Tic_Tac_ToeTests.m */ = {isa = PBXFileReference; lastKnownFileType = sourcecode.c.objc; path = Tic_Tac_ToeTests.m; sourceTree = "<group>"; };
		A78A54251AD3F74000E0C140 /* SmallXOVIewController.h */ = {isa = PBXFileReference; fileEncoding = 4; lastKnownFileType = sourcecode.c.h; path = SmallXOVIewController.h; sourceTree = "<group>"; };
		A78A54261AD3F74000E0C140 /* SmallXOVIewController.m */ = {isa = PBXFileReference; fileEncoding = 4; lastKnownFileType = sourcecode.c.objc; path = SmallXOVIewController.m; sourceTree = "<group>"; };
		A78A54271AD3F74000E0C140 /* SmallXOVIewController.xib */ = {isa = PBXFileReference; fileEncoding = 4; lastKnownFileType = file.xib; path = SmallXOVIewController.xib; sourceTree = "<group>"; };
/* End PBXFileReference section */

/* Begin PBXFrameworksBuildPhase section */
		A78A53F91AD3E79A00E0C140 /* Frameworks */ = {
			isa = PBXFrameworksBuildPhase;
			buildActionMask = 2147483647;
			files = (
				A73BE33E1ADBC33B006539AC /* GameKit.framework in Frameworks */,
			);
			runOnlyForDeploymentPostprocessing = 0;
		};
		A78A54121AD3E79A00E0C140 /* Frameworks */ = {
			isa = PBXFrameworksBuildPhase;
			buildActionMask = 2147483647;
			files = (
			);
			runOnlyForDeploymentPostprocessing = 0;
		};
/* End PBXFrameworksBuildPhase section */

/* Begin PBXGroup section */
		A74721941AD65D7D0042C731 /* Instructions */ = {
			isa = PBXGroup;
			children = (
				A74721951AD65D8B0042C731 /* Cell */,
				A762B3341AD5679900E0FA5C /* InstructionsViewController.h */,
				A762B3351AD5679900E0FA5C /* InstructionsViewController.m */,
			);
			name = Instructions;
			sourceTree = "<group>";
		};
		A74721951AD65D8B0042C731 /* Cell */ = {
			isa = PBXGroup;
			children = (
				A74721911AD65C080042C731 /* InstructionsCollectionViewCell.h */,
				A74721921AD65C080042C731 /* InstructionsCollectionViewCell.m */,
			);
			name = Cell;
			sourceTree = "<group>";
		};
		A76F06821AD66A4E00C32FA4 /* Menu */ = {
			isa = PBXGroup;
			children = (
				A76F067F1AD66A4700C32FA4 /* MainMenuViewController.h */,
				A76F06801AD66A4700C32FA4 /* MainMenuViewController.m */,
			);
			name = Menu;
			sourceTree = "<group>";
		};
		A76F06841AD66A8500C32FA4 /* Game */ = {
			isa = PBXGroup;
			children = (
				A76F06851AD66A9600C32FA4 /* smallXO */,
				A78A54061AD3E79A00E0C140 /* ViewController.h */,
				A78A54071AD3E79A00E0C140 /* ViewController.m */,
			);
			name = Game;
			sourceTree = "<group>";
		};
		A76F06851AD66A9600C32FA4 /* smallXO */ = {
			isa = PBXGroup;
			children = (
				A78A54251AD3F74000E0C140 /* SmallXOVIewController.h */,
				A78A54261AD3F74000E0C140 /* SmallXOVIewController.m */,
				A78A54271AD3F74000E0C140 /* SmallXOVIewController.xib */,
			);
			name = smallXO;
			sourceTree = "<group>";
		};
		A78A53F31AD3E79A00E0C140 = {
			isa = PBXGroup;
			children = (
				A73BE33D1ADBC33B006539AC /* GameKit.framework */,
				A78A53FE1AD3E79A00E0C140 /* Tic Tac Toe */,
				A78A54181AD3E79A00E0C140 /* Tic Tac ToeTests */,
				A78A53FD1AD3E79A00E0C140 /* Products */,
			);
			sourceTree = "<group>";
		};
		A78A53FD1AD3E79A00E0C140 /* Products */ = {
			isa = PBXGroup;
			children = (
				A78A53FC1AD3E79A00E0C140 /* Tic Tac Toe.app */,
				A78A54151AD3E79A00E0C140 /* Tic Tac ToeTests.xctest */,
			);
			name = Products;
			sourceTree = "<group>";
		};
		A78A53FE1AD3E79A00E0C140 /* Tic Tac Toe */ = {
			isa = PBXGroup;
			children = (
				A70163A71ADE546400B852B5 /* GCHelper.h */,
				A70163A81ADE546400B852B5 /* GCHelper.m */,
				A76F06841AD66A8500C32FA4 /* Game */,
				A76F06821AD66A4E00C32FA4 /* Menu */,
				A74721941AD65D7D0042C731 /* Instructions */,
				A78A54031AD3E79A00E0C140 /* AppDelegate.h */,
				A78A54041AD3E79A00E0C140 /* AppDelegate.m */,
				A78A54091AD3E79A00E0C140 /* Main.storyboard */,
				A78A540C1AD3E79A00E0C140 /* Images.xcassets */,
				A78A540E1AD3E79A00E0C140 /* LaunchScreen.xib */,
				A78A53FF1AD3E79A00E0C140 /* Supporting Files */,
				A77B9BC31ADBD87D0091E29D /* Defines.h */,
				A77B9BC41ADBD87D0091E29D /* Defines.m */,
			);
			path = "Tic Tac Toe";
			sourceTree = "<group>";
		};
		A78A53FF1AD3E79A00E0C140 /* Supporting Files */ = {
			isa = PBXGroup;
			children = (
				A78A54001AD3E79A00E0C140 /* Info.plist */,
				A78A54011AD3E79A00E0C140 /* main.m */,
			);
			name = "Supporting Files";
			sourceTree = "<group>";
		};
		A78A54181AD3E79A00E0C140 /* Tic Tac ToeTests */ = {
			isa = PBXGroup;
			children = (
				A78A541B1AD3E79A00E0C140 /* Tic_Tac_ToeTests.m */,
				A78A54191AD3E79A00E0C140 /* Supporting Files */,
			);
			path = "Tic Tac ToeTests";
			sourceTree = "<group>";
		};
		A78A54191AD3E79A00E0C140 /* Supporting Files */ = {
			isa = PBXGroup;
			children = (
				A78A541A1AD3E79A00E0C140 /* Info.plist */,
			);
			name = "Supporting Files";
			sourceTree = "<group>";
		};
/* End PBXGroup section */

/* Begin PBXNativeTarget section */
		A78A53FB1AD3E79A00E0C140 /* Tic Tac Toe */ = {
			isa = PBXNativeTarget;
			buildConfigurationList = A78A541F1AD3E79A00E0C140 /* Build configuration list for PBXNativeTarget "Tic Tac Toe" */;
			buildPhases = (
				A78A53F81AD3E79A00E0C140 /* Sources */,
				A78A53F91AD3E79A00E0C140 /* Frameworks */,
				A78A53FA1AD3E79A00E0C140 /* Resources */,
			);
			buildRules = (
			);
			dependencies = (
			);
			name = "Tic Tac Toe";
			productName = "Tic Tac Toe";
			productReference = A78A53FC1AD3E79A00E0C140 /* Tic Tac Toe.app */;
			productType = "com.apple.product-type.application";
		};
		A78A54141AD3E79A00E0C140 /* Tic Tac ToeTests */ = {
			isa = PBXNativeTarget;
			buildConfigurationList = A78A54221AD3E79A00E0C140 /* Build configuration list for PBXNativeTarget "Tic Tac ToeTests" */;
			buildPhases = (
				A78A54111AD3E79A00E0C140 /* Sources */,
				A78A54121AD3E79A00E0C140 /* Frameworks */,
				A78A54131AD3E79A00E0C140 /* Resources */,
			);
			buildRules = (
			);
			dependencies = (
				A78A54171AD3E79A00E0C140 /* PBXTargetDependency */,
			);
			name = "Tic Tac ToeTests";
			productName = "Tic Tac ToeTests";
			productReference = A78A54151AD3E79A00E0C140 /* Tic Tac ToeTests.xctest */;
			productType = "com.apple.product-type.bundle.unit-test";
		};
/* End PBXNativeTarget section */

/* Begin PBXProject section */
		A78A53F41AD3E79A00E0C140 /* Project object */ = {
			isa = PBXProject;
			attributes = {
				LastUpgradeCheck = 0620;
				ORGANIZATIONNAME = "Rafał Kampa";
				TargetAttributes = {
					A78A53FB1AD3E79A00E0C140 = {
						CreatedOnToolsVersion = 6.2;
						DevelopmentTeam = DW5GBH9N8D;
						SystemCapabilities = {
							com.apple.GameCenter = {
								enabled = 1;
							};
						};
					};
					A78A54141AD3E79A00E0C140 = {
						CreatedOnToolsVersion = 6.2;
						DevelopmentTeam = DW5GBH9N8D;
						TestTargetID = A78A53FB1AD3E79A00E0C140;
					};
				};
			};
			buildConfigurationList = A78A53F71AD3E79A00E0C140 /* Build configuration list for PBXProject "Tic Tac Toe" */;
			compatibilityVersion = "Xcode 3.2";
			developmentRegion = English;
			hasScannedForEncodings = 0;
			knownRegions = (
				en,
				Base,
			);
			mainGroup = A78A53F31AD3E79A00E0C140;
			productRefGroup = A78A53FD1AD3E79A00E0C140 /* Products */;
			projectDirPath = "";
			projectRoot = "";
			targets = (
				A78A53FB1AD3E79A00E0C140 /* Tic Tac Toe */,
				A78A54141AD3E79A00E0C140 /* Tic Tac ToeTests */,
			);
		};
/* End PBXProject section */

/* Begin PBXResourcesBuildPhase section */
		A78A53FA1AD3E79A00E0C140 /* Resources */ = {
			isa = PBXResourcesBuildPhase;
			buildActionMask = 2147483647;
			files = (
				A78A540B1AD3E79A00E0C140 /* Main.storyboard in Resources */,
				A78A54291AD3F74000E0C140 /* SmallXOVIewController.xib in Resources */,
				A78A54101AD3E79A00E0C140 /* LaunchScreen.xib in Resources */,
				A78A540D1AD3E79A00E0C140 /* Images.xcassets in Resources */,
			);
			runOnlyForDeploymentPostprocessing = 0;
		};
		A78A54131AD3E79A00E0C140 /* Resources */ = {
			isa = PBXResourcesBuildPhase;
			buildActionMask = 2147483647;
			files = (
			);
			runOnlyForDeploymentPostprocessing = 0;
		};
/* End PBXResourcesBuildPhase section */

/* Begin PBXSourcesBuildPhase section */
		A78A53F81AD3E79A00E0C140 /* Sources */ = {
			isa = PBXSourcesBuildPhase;
			buildActionMask = 2147483647;
			files = (
				A70163A91ADE546400B852B5 /* GCHelper.m in Sources */,
				A78A54081AD3E79A00E0C140 /* ViewController.m in Sources */,
				A78A54281AD3F74000E0C140 /* SmallXOVIewController.m in Sources */,
				A77B9BC51ADBD87D0091E29D /* Defines.m in Sources */,
				A74721931AD65C080042C731 /* InstructionsCollectionViewCell.m in Sources */,
				A78A54051AD3E79A00E0C140 /* AppDelegate.m in Sources */,
				A762B3361AD5679900E0FA5C /* InstructionsViewController.m in Sources */,
				A78A54021AD3E79A00E0C140 /* main.m in Sources */,
				A76F06811AD66A4700C32FA4 /* MainMenuViewController.m in Sources */,
			);
			runOnlyForDeploymentPostprocessing = 0;
		};
		A78A54111AD3E79A00E0C140 /* Sources */ = {
			isa = PBXSourcesBuildPhase;
			buildActionMask = 2147483647;
			files = (
				A78A541C1AD3E79A00E0C140 /* Tic_Tac_ToeTests.m in Sources */,
			);
			runOnlyForDeploymentPostprocessing = 0;
		};
/* End PBXSourcesBuildPhase section */

/* Begin PBXTargetDependency section */
		A78A54171AD3E79A00E0C140 /* PBXTargetDependency */ = {
			isa = PBXTargetDependency;
			target = A78A53FB1AD3E79A00E0C140 /* Tic Tac Toe */;
			targetProxy = A78A54161AD3E79A00E0C140 /* PBXContainerItemProxy */;
		};
/* End PBXTargetDependency section */

/* Begin PBXVariantGroup section */
		A78A54091AD3E79A00E0C140 /* Main.storyboard */ = {
			isa = PBXVariantGroup;
			children = (
				A78A540A1AD3E79A00E0C140 /* Base */,
			);
			name = Main.storyboard;
			sourceTree = "<group>";
		};
		A78A540E1AD3E79A00E0C140 /* LaunchScreen.xib */ = {
			isa = PBXVariantGroup;
			children = (
				A78A540F1AD3E79A00E0C140 /* Base */,
			);
			name = LaunchScreen.xib;
			sourceTree = "<group>";
		};
/* End PBXVariantGroup section */

/* Begin XCBuildConfiguration section */
		A78A541D1AD3E79A00E0C140 /* Debug */ = {
			isa = XCBuildConfiguration;
			buildSettings = {
				ALWAYS_SEARCH_USER_PATHS = NO;
				CLANG_CXX_LANGUAGE_STANDARD = "gnu++0x";
				CLANG_CXX_LIBRARY = "libc++";
				CLANG_ENABLE_MODULES = YES;
				CLANG_ENABLE_OBJC_ARC = YES;
				CLANG_WARN_BOOL_CONVERSION = YES;
				CLANG_WARN_CONSTANT_CONVERSION = YES;
				CLANG_WARN_DIRECT_OBJC_ISA_USAGE = YES_ERROR;
				CLANG_WARN_EMPTY_BODY = YES;
				CLANG_WARN_ENUM_CONVERSION = YES;
				CLANG_WARN_INT_CONVERSION = YES;
				CLANG_WARN_OBJC_ROOT_CLASS = YES_ERROR;
				CLANG_WARN_UNREACHABLE_CODE = YES;
				CLANG_WARN__DUPLICATE_METHOD_MATCH = YES;
				"CODE_SIGN_IDENTITY[sdk=iphoneos*]" = "iPhone Developer";
				COPY_PHASE_STRIP = NO;
				ENABLE_STRICT_OBJC_MSGSEND = YES;
				GCC_C_LANGUAGE_STANDARD = gnu99;
				GCC_DYNAMIC_NO_PIC = NO;
				GCC_OPTIMIZATION_LEVEL = 0;
				GCC_PREPROCESSOR_DEFINITIONS = (
					"DEBUG=1",
					"$(inherited)",
				);
				GCC_SYMBOLS_PRIVATE_EXTERN = NO;
				GCC_WARN_64_TO_32_BIT_CONVERSION = YES;
				GCC_WARN_ABOUT_RETURN_TYPE = YES_ERROR;
				GCC_WARN_UNDECLARED_SELECTOR = YES;
				GCC_WARN_UNINITIALIZED_AUTOS = YES_AGGRESSIVE;
				GCC_WARN_UNUSED_FUNCTION = YES;
				GCC_WARN_UNUSED_VARIABLE = YES;
				IPHONEOS_DEPLOYMENT_TARGET = 8.2;
				MTL_ENABLE_DEBUG_INFO = YES;
				ONLY_ACTIVE_ARCH = YES;
				PROVISIONING_PROFILE = "7979999b-8879-45f9-86eb-b2656daf7218";
				SDKROOT = iphoneos;
				TARGETED_DEVICE_FAMILY = "1,2";
			};
			name = Debug;
		};
		A78A541E1AD3E79A00E0C140 /* Release */ = {
			isa = XCBuildConfiguration;
			buildSettings = {
				ALWAYS_SEARCH_USER_PATHS = NO;
				CLANG_CXX_LANGUAGE_STANDARD = "gnu++0x";
				CLANG_CXX_LIBRARY = "libc++";
				CLANG_ENABLE_MODULES = YES;
				CLANG_ENABLE_OBJC_ARC = YES;
				CLANG_WARN_BOOL_CONVERSION = YES;
				CLANG_WARN_CONSTANT_CONVERSION = YES;
				CLANG_WARN_DIRECT_OBJC_ISA_USAGE = YES_ERROR;
				CLANG_WARN_EMPTY_BODY = YES;
				CLANG_WARN_ENUM_CONVERSION = YES;
				CLANG_WARN_INT_CONVERSION = YES;
				CLANG_WARN_OBJC_ROOT_CLASS = YES_ERROR;
				CLANG_WARN_UNREACHABLE_CODE = YES;
				CLANG_WARN__DUPLICATE_METHOD_MATCH = YES;
				"CODE_SIGN_IDENTITY[sdk=iphoneos*]" = "iPhone Developer";
				COPY_PHASE_STRIP = NO;
				ENABLE_NS_ASSERTIONS = NO;
				ENABLE_STRICT_OBJC_MSGSEND = YES;
				GCC_C_LANGUAGE_STANDARD = gnu99;
				GCC_WARN_64_TO_32_BIT_CONVERSION = YES;
				GCC_WARN_ABOUT_RETURN_TYPE = YES_ERROR;
				GCC_WARN_UNDECLARED_SELECTOR = YES;
				GCC_WARN_UNINITIALIZED_AUTOS = YES_AGGRESSIVE;
				GCC_WARN_UNUSED_FUNCTION = YES;
				GCC_WARN_UNUSED_VARIABLE = YES;
				IPHONEOS_DEPLOYMENT_TARGET = 8.2;
				MTL_ENABLE_DEBUG_INFO = NO;
				PROVISIONING_PROFILE = "7979999b-8879-45f9-86eb-b2656daf7218";
				SDKROOT = iphoneos;
				TARGETED_DEVICE_FAMILY = "1,2";
				VALIDATE_PRODUCT = YES;
			};
			name = Release;
		};
		A78A54201AD3E79A00E0C140 /* Debug */ = {
			isa = XCBuildConfiguration;
			buildSettings = {
				ASSETCATALOG_COMPILER_APPICON_NAME = AppIcon;
				CODE_SIGN_IDENTITY = "iPhone Developer";
				"CODE_SIGN_IDENTITY[sdk=iphoneos*]" = "iPhone Developer";
				INFOPLIST_FILE = "Tic Tac Toe/Info.plist";
				IPHONEOS_DEPLOYMENT_TARGET = 8.0;
				LD_RUNPATH_SEARCH_PATHS = "$(inherited) @executable_path/Frameworks";
				PRODUCT_NAME = "$(TARGET_NAME)";
				PROVISIONING_PROFILE = "";
			};
			name = Debug;
		};
		A78A54211AD3E79A00E0C140 /* Release */ = {
			isa = XCBuildConfiguration;
			buildSettings = {
				ASSETCATALOG_COMPILER_APPICON_NAME = AppIcon;
				CODE_SIGN_IDENTITY = "iPhone Developer";
				"CODE_SIGN_IDENTITY[sdk=iphoneos*]" = "iPhone Developer";
				INFOPLIST_FILE = "Tic Tac Toe/Info.plist";
				IPHONEOS_DEPLOYMENT_TARGET = 8.0;
				LD_RUNPATH_SEARCH_PATHS = "$(inherited) @executable_path/Frameworks";
				PRODUCT_NAME = "$(TARGET_NAME)";
				PROVISIONING_PROFILE = "";
			};
			name = Release;
		};
		A78A54231AD3E79A00E0C140 /* Debug */ = {
			isa = XCBuildConfiguration;
			buildSettings = {
				BUNDLE_LOADER = "$(TEST_HOST)";
				CODE_SIGN_IDENTITY = "iPhone Developer";
				"CODE_SIGN_IDENTITY[sdk=iphoneos*]" = "iPhone Developer";
				FRAMEWORK_SEARCH_PATHS = (
					"$(SDKROOT)/Developer/Library/Frameworks",
					"$(inherited)",
				);
				GCC_PREPROCESSOR_DEFINITIONS = (
					"DEBUG=1",
					"$(inherited)",
				);
				INFOPLIST_FILE = "Tic Tac ToeTests/Info.plist";
				LD_RUNPATH_SEARCH_PATHS = "$(inherited) @executable_path/Frameworks @loader_path/Frameworks";
				PRODUCT_NAME = "$(TARGET_NAME)";
				PROVISIONING_PROFILE = "";
				TEST_HOST = "$(BUILT_PRODUCTS_DIR)/Tic Tac Toe.app/Tic Tac Toe";
			};
			name = Debug;
		};
		A78A54241AD3E79A00E0C140 /* Release */ = {
			isa = XCBuildConfiguration;
			buildSettings = {
				BUNDLE_LOADER = "$(TEST_HOST)";
				CODE_SIGN_IDENTITY = "iPhone Developer";
				"CODE_SIGN_IDENTITY[sdk=iphoneos*]" = "iPhone Developer";
				FRAMEWORK_SEARCH_PATHS = (
					"$(SDKROOT)/Developer/Library/Frameworks",
					"$(inherited)",
				);
				INFOPLIST_FILE = "Tic Tac ToeTests/Info.plist";
				LD_RUNPATH_SEARCH_PATHS = "$(inherited) @executable_path/Frameworks @loader_path/Frameworks";
				PRODUCT_NAME = "$(TARGET_NAME)";
				PROVISIONING_PROFILE = "";
				TEST_HOST = "$(BUILT_PRODUCTS_DIR)/Tic Tac Toe.app/Tic Tac Toe";
			};
			name = Release;
		};
/* End XCBuildConfiguration section */

/* Begin XCConfigurationList section */
		A78A53F71AD3E79A00E0C140 /* Build configuration list for PBXProject "Tic Tac Toe" */ = {
			isa = XCConfigurationList;
			buildConfigurations = (
				A78A541D1AD3E79A00E0C140 /* Debug */,
				A78A541E1AD3E79A00E0C140 /* Release */,
			);
			defaultConfigurationIsVisible = 0;
			defaultConfigurationName = Release;
		};
		A78A541F1AD3E79A00E0C140 /* Build configuration list for PBXNativeTarget "Tic Tac Toe" */ = {
			isa = XCConfigurationList;
			buildConfigurations = (
				A78A54201AD3E79A00E0C140 /* Debug */,
				A78A54211AD3E79A00E0C140 /* Release */,
			);
			defaultConfigurationIsVisible = 0;
			defaultConfigurationName = Release;
		};
		A78A54221AD3E79A00E0C140 /* Build configuration list for PBXNativeTarget "Tic Tac ToeTests" */ = {
			isa = XCConfigurationList;
			buildConfigurations = (
				A78A54231AD3E79A00E0C140 /* Debug */,
				A78A54241AD3E79A00E0C140 /* Release */,
			);
			defaultConfigurationIsVisible = 0;
			defaultConfigurationName = Release;
		};
/* End XCConfigurationList section */
	};
	rootObject = A78A53F41AD3E79A00E0C140 /* Project object */;
}
